{
  "name": "netlify-local-plugins",
  "version": "1.0.0",
  "lockfileVersion": 3,
  "requires": true,
  "packages": {
    "": {
      "name": "netlify-local-plugins",
      "version": "1.0.0",
      "license": "MIT",
      "dependencies": {
        "@netlify/plugin-nextjs": "5.13.2"
      }
    },
    "node_modules/@netlify/plugin-nextjs": {
      "version": "5.13.2",
      "resolved": "https://registry.npmjs.org/@netlify/plugin-nextjs/-/plugin-nextjs-5.13.2.tgz",
      "integrity": "sha512-Lnr/7E5Nh6/MYFx7w/JFRWn1n2QvDbaixKuWRCoOW/oyOzuCiEUY8iv/Oz1frvjcb9toI7Kw4VEL1/Q34FqDMw==",
      "license": "MIT",
      "engines": {
        "node": ">=18.0.0"
      }
    }
  }
}
